// !$*UTF8*$!
{
	archiveVersion = 1;
	classes = {
	};
	objectVersion = 50;
	objects = {

/* Begin PBXBuildFile section */
		471F7AC62328FF75007FAF1D /* SearchBarViewController.swift in Sources */ = {isa = PBXBuildFile; fileRef = 471F7AC42328FF75007FAF1D /* SearchBarViewController.swift */; };
		471F7AC72328FF75007FAF1D /* TopBarViewController.xib in Resources */ = {isa = PBXBuildFile; fileRef = 471F7AC52328FF75007FAF1D /* TopBarViewController.xib */; };
		473DD82622F9CCAD0002524F /* AppDelegate.swift in Sources */ = {isa = PBXBuildFile; fileRef = 473DD82522F9CCAD0002524F /* AppDelegate.swift */; };
		473DD82822F9CCAD0002524F /* ViewController.swift in Sources */ = {isa = PBXBuildFile; fileRef = 473DD82722F9CCAD0002524F /* ViewController.swift */; };
		473DD82B22F9CCAD0002524F /* Main.storyboard in Resources */ = {isa = PBXBuildFile; fileRef = 473DD82922F9CCAD0002524F /* Main.storyboard */; };
		473DD82E22F9CCAD0002524F /* What_sThis.xcdatamodeld in Sources */ = {isa = PBXBuildFile; fileRef = 473DD82C22F9CCAD0002524F /* What_sThis.xcdatamodeld */; };
		473DD83322F9CCB00002524F /* LaunchScreen.storyboard in Resources */ = {isa = PBXBuildFile; fileRef = 473DD83122F9CCB00002524F /* LaunchScreen.storyboard */; };
		473DD83E22F9CCB10002524F /* What_sThisTestsPresenter.swift in Sources */ = {isa = PBXBuildFile; fileRef = 473DD83D22F9CCB10002524F /* What_sThisTestsPresenter.swift */; };
		473DD84922F9CCB10002524F /* What_sThisUITests.swift in Sources */ = {isa = PBXBuildFile; fileRef = 473DD84822F9CCB10002524F /* What_sThisUITests.swift */; };
		474FBEC32313E32600375421 /* FakeImage2.png in Resources */ = {isa = PBXBuildFile; fileRef = 474FBEC12313E32500375421 /* FakeImage2.png */; };
		474FBEC42313E32600375421 /* FakeImage1.png in Resources */ = {isa = PBXBuildFile; fileRef = 474FBEC22313E32500375421 /* FakeImage1.png */; };
		474FBEC62313ECFF00375421 /* MockClasses.swift in Sources */ = {isa = PBXBuildFile; fileRef = 474FBEC52313ECFF00375421 /* MockClasses.swift */; };
		475F21C5231FA4B10078D0F2 /* Alamofire.framework in Frameworks */ = {isa = PBXBuildFile; fileRef = 475F21C4231FA4B10078D0F2 /* Alamofire.framework */; };
		475F21C9231FA5860078D0F2 /* Alamofire.framework in CopyFiles */ = {isa = PBXBuildFile; fileRef = 475F21C8231FA5860078D0F2 /* Alamofire.framework */; settings = {ATTRIBUTES = (CodeSignOnCopy, RemoveHeadersOnCopy, ); }; };
		475F21D5232122AD0078D0F2 /* CommonProtocols.swift in Sources */ = {isa = PBXBuildFile; fileRef = 475F21D4232122AD0078D0F2 /* CommonProtocols.swift */; };
		475F21D9232269670078D0F2 /* IndicatorViewController.swift in Sources */ = {isa = PBXBuildFile; fileRef = 475F21D7232269670078D0F2 /* IndicatorViewController.swift */; };
		475F21DA232269670078D0F2 /* IndicatorViewController.xib in Resources */ = {isa = PBXBuildFile; fileRef = 475F21D8232269670078D0F2 /* IndicatorViewController.xib */; };
		475F21DE2322874D0078D0F2 /* BaseViewController.swift in Sources */ = {isa = PBXBuildFile; fileRef = 475F21DD2322874D0078D0F2 /* BaseViewController.swift */; };
		475F21E02326A2510078D0F2 /* HeaderCollectionReusableView.swift in Sources */ = {isa = PBXBuildFile; fileRef = 475F21DF2326A2510078D0F2 /* HeaderCollectionReusableView.swift */; };
		475F21E42327B4060078D0F2 /* SDWebImage.framework in Frameworks */ = {isa = PBXBuildFile; fileRef = 475F21E32327B4030078D0F2 /* SDWebImage.framework */; };
		475F21E52327B4F80078D0F2 /* SDWebImage.framework in CopyFiles */ = {isa = PBXBuildFile; fileRef = 475F21E32327B4030078D0F2 /* SDWebImage.framework */; settings = {ATTRIBUTES = (CodeSignOnCopy, RemoveHeadersOnCopy, ); }; };
		4782B430230ADE0A00ED329D /* Protocols.swift in Sources */ = {isa = PBXBuildFile; fileRef = 4782B42F230ADE0A00ED329D /* Protocols.swift */; };
		4782B432230AE04C00ED329D /* GestureListWireFrame.swift in Sources */ = {isa = PBXBuildFile; fileRef = 4782B431230AE04C00ED329D /* GestureListWireFrame.swift */; };
		4782B434230AE06500ED329D /* GestureListInterector.swift in Sources */ = {isa = PBXBuildFile; fileRef = 4782B433230AE06500ED329D /* GestureListInterector.swift */; };
		4782B436230AE07800ED329D /* Gestures.swift in Sources */ = {isa = PBXBuildFile; fileRef = 4782B435230AE07800ED329D /* Gestures.swift */; };
		4782B438230AE0AF00ED329D /* GestureListPresenter.swift in Sources */ = {isa = PBXBuildFile; fileRef = 4782B437230AE0AF00ED329D /* GestureListPresenter.swift */; };
		4782B43B230AE1A000ED329D /* Constants.swift in Sources */ = {isa = PBXBuildFile; fileRef = 4782B43A230AE1A000ED329D /* Constants.swift */; };
		4782B441230C019500ED329D /* GestureCollectionViewCell.swift in Sources */ = {isa = PBXBuildFile; fileRef = 4782B440230C019500ED329D /* GestureCollectionViewCell.swift */; };
		47900D6A230C213700A316DE /* gestures.json in Resources */ = {isa = PBXBuildFile; fileRef = 47900D69230C213700A316DE /* gestures.json */; };
		47900D6C230C3F4300A316DE /* TopLevelHelper.swift in Sources */ = {isa = PBXBuildFile; fileRef = 47900D6B230C3F4300A316DE /* TopLevelHelper.swift */; };
		47900D8A230EE96D00A316DE /* EntityTest.swift in Sources */ = {isa = PBXBuildFile; fileRef = 47900D89230EE96D00A316DE /* EntityTest.swift */; };
		47900D8C230FF73900A316DE /* main.swift in Sources */ = {isa = PBXBuildFile; fileRef = 47900D8B230FF73900A316DE /* main.swift */; };
		47C3A1AA2334CF4700110D37 /* TopBarViewController.swift in Sources */ = {isa = PBXBuildFile; fileRef = 47C3A1A92334CF4700110D37 /* TopBarViewController.swift */; };
		47C3A1AE2334FBAE00110D37 /* Comic Sans MS.ttf in Resources */ = {isa = PBXBuildFile; fileRef = 47C3A1AC2334FBAE00110D37 /* Comic Sans MS.ttf */; };
		47C3A1AF2334FBAE00110D37 /* Comic Sans MS Bold.ttf in Resources */ = {isa = PBXBuildFile; fileRef = 47C3A1AD2334FBAE00110D37 /* Comic Sans MS Bold.ttf */; };
		47C3A1FF2338BD1A00110D37 /* TagCollectionViewCell.swift in Sources */ = {isa = PBXBuildFile; fileRef = 47C3A1FD2338BD1A00110D37 /* TagCollectionViewCell.swift */; };
		47C3A2002338BD1A00110D37 /* TagCollectionViewCell.xib in Resources */ = {isa = PBXBuildFile; fileRef = 47C3A1FE2338BD1A00110D37 /* TagCollectionViewCell.xib */; };
		47EC3214234DDB5600D5BF80 /* Alamofire.framework in Frameworks */ = {isa = PBXBuildFile; fileRef = 475F21C4231FA4B10078D0F2 /* Alamofire.framework */; };
		47FAA1132316BFB0003C041A /* UIViewController+Extensions.swift in Sources */ = {isa = PBXBuildFile; fileRef = 47FAA1122316BFB0003C041A /* UIViewController+Extensions.swift */; };
		47FAA1152316BFC8003C041A /* Requests.swift in Sources */ = {isa = PBXBuildFile; fileRef = 47FAA1142316BFC7003C041A /* Requests.swift */; };
		47FAA1172316BFE0003C041A /* What_sThisTestInterector.swift in Sources */ = {isa = PBXBuildFile; fileRef = 47FAA1162316BFDF003C041A /* What_sThisTestInterector.swift */; };
		47FAA1192316C077003C041A /* Assets.xcassets in Resources */ = {isa = PBXBuildFile; fileRef = 47FAA1182316C077003C041A /* Assets.xcassets */; };
		47FAA11B2317BC35003C041A /* What_ThisTestViewController.swift in Sources */ = {isa = PBXBuildFile; fileRef = 47FAA11A2317BC35003C041A /* What_ThisTestViewController.swift */; };
		47FAA1232317DCE0003C041A /* GestureDetailsViewController.swift in Sources */ = {isa = PBXBuildFile; fileRef = 47FAA1212317DCE0003C041A /* GestureDetailsViewController.swift */; };
		47FAA1242317DCE0003C041A /* GestureDetailsViewController.xib in Resources */ = {isa = PBXBuildFile; fileRef = 47FAA1222317DCE0003C041A /* GestureDetailsViewController.xib */; };
		47FAA1262317DFAC003C041A /* GestureDetails.swift in Sources */ = {isa = PBXBuildFile; fileRef = 47FAA1252317DFAC003C041A /* GestureDetails.swift */; };
		47FAA129231802FD003C041A /* UIApplication+Extensions.swift in Sources */ = {isa = PBXBuildFile; fileRef = 47FAA128231802FD003C041A /* UIApplication+Extensions.swift */; };
		47FAA12C2318082E003C041A /* GestureDetailsWireFrame.swift in Sources */ = {isa = PBXBuildFile; fileRef = 47FAA12B2318082E003C041A /* GestureDetailsWireFrame.swift */; };
		47FAA12F23180FF1003C041A /* GestureDetailsProtocols.swift in Sources */ = {isa = PBXBuildFile; fileRef = 47FAA12E23180FF1003C041A /* GestureDetailsProtocols.swift */; };
		47FAA131231811C9003C041A /* GestureDetailsPresenter.swift in Sources */ = {isa = PBXBuildFile; fileRef = 47FAA130231811C9003C041A /* GestureDetailsPresenter.swift */; };
		47FAA135231812A8003C041A /* GestureDetailsInterector.swift in Sources */ = {isa = PBXBuildFile; fileRef = 47FAA134231812A7003C041A /* GestureDetailsInterector.swift */; };
		47FAA13723190CD5003C041A /* gestureDetails.json in Resources */ = {isa = PBXBuildFile; fileRef = 47FAA13623190CD4003C041A /* gestureDetails.json */; };
		47FAA13B23193624003C041A /* Result.swift in Sources */ = {isa = PBXBuildFile; fileRef = 47FAA13A23193624003C041A /* Result.swift */; };
/* End PBXBuildFile section */

/* Begin PBXContainerItemProxy section */
		473DD83A22F9CCB10002524F /* PBXContainerItemProxy */ = {
			isa = PBXContainerItemProxy;
			containerPortal = 473DD81A22F9CCAD0002524F /* Project object */;
			proxyType = 1;
			remoteGlobalIDString = 473DD82122F9CCAD0002524F;
			remoteInfo = "What'sThis";
		};
		473DD84522F9CCB10002524F /* PBXContainerItemProxy */ = {
			isa = PBXContainerItemProxy;
			containerPortal = 473DD81A22F9CCAD0002524F /* Project object */;
			proxyType = 1;
			remoteGlobalIDString = 473DD82122F9CCAD0002524F;
			remoteInfo = "What'sThis";
		};
/* End PBXContainerItemProxy section */

/* Begin PBXCopyFilesBuildPhase section */
		475F21C7231FA55D0078D0F2 /* CopyFiles */ = {
			isa = PBXCopyFilesBuildPhase;
			buildActionMask = 2147483647;
			dstPath = "";
			dstSubfolderSpec = 10;
			files = (
				475F21E52327B4F80078D0F2 /* SDWebImage.framework in CopyFiles */,
				475F21C9231FA5860078D0F2 /* Alamofire.framework in CopyFiles */,
			);
			runOnlyForDeploymentPostprocessing = 0;
		};
/* End PBXCopyFilesBuildPhase section */

/* Begin PBXFileReference section */
		471F7AC42328FF75007FAF1D /* SearchBarViewController.swift */ = {isa = PBXFileReference; lastKnownFileType = sourcecode.swift; path = SearchBarViewController.swift; sourceTree = "<group>"; };
		471F7AC52328FF75007FAF1D /* TopBarViewController.xib */ = {isa = PBXFileReference; lastKnownFileType = file.xib; path = TopBarViewController.xib; sourceTree = "<group>"; };
		473DD82222F9CCAD0002524F /* What'sThis.app */ = {isa = PBXFileReference; explicitFileType = wrapper.application; includeInIndex = 0; path = "What'sThis.app"; sourceTree = BUILT_PRODUCTS_DIR; };
		473DD82522F9CCAD0002524F /* AppDelegate.swift */ = {isa = PBXFileReference; lastKnownFileType = sourcecode.swift; path = AppDelegate.swift; sourceTree = "<group>"; };
		473DD82722F9CCAD0002524F /* ViewController.swift */ = {isa = PBXFileReference; lastKnownFileType = sourcecode.swift; path = ViewController.swift; sourceTree = "<group>"; };
		473DD82A22F9CCAD0002524F /* Base */ = {isa = PBXFileReference; lastKnownFileType = file.storyboard; name = Base; path = Base.lproj/Main.storyboard; sourceTree = "<group>"; };
		473DD82D22F9CCAD0002524F /* What_sThis.xcdatamodel */ = {isa = PBXFileReference; lastKnownFileType = wrapper.xcdatamodel; path = What_sThis.xcdatamodel; sourceTree = "<group>"; };
		473DD83222F9CCB00002524F /* Base */ = {isa = PBXFileReference; lastKnownFileType = file.storyboard; name = Base; path = Base.lproj/LaunchScreen.storyboard; sourceTree = "<group>"; };
		473DD83422F9CCB00002524F /* Info.plist */ = {isa = PBXFileReference; lastKnownFileType = text.plist.xml; path = Info.plist; sourceTree = "<group>"; };
		473DD83922F9CCB10002524F /* What'sThisTests.xctest */ = {isa = PBXFileReference; explicitFileType = wrapper.cfbundle; includeInIndex = 0; path = "What'sThisTests.xctest"; sourceTree = BUILT_PRODUCTS_DIR; };
		473DD83D22F9CCB10002524F /* What_sThisTestsPresenter.swift */ = {isa = PBXFileReference; lastKnownFileType = sourcecode.swift; path = What_sThisTestsPresenter.swift; sourceTree = "<group>"; };
		473DD83F22F9CCB10002524F /* Info.plist */ = {isa = PBXFileReference; lastKnownFileType = text.plist.xml; path = Info.plist; sourceTree = "<group>"; };
		473DD84422F9CCB10002524F /* What'sThisUITests.xctest */ = {isa = PBXFileReference; explicitFileType = wrapper.cfbundle; includeInIndex = 0; path = "What'sThisUITests.xctest"; sourceTree = BUILT_PRODUCTS_DIR; };
		473DD84822F9CCB10002524F /* What_sThisUITests.swift */ = {isa = PBXFileReference; lastKnownFileType = sourcecode.swift; path = What_sThisUITests.swift; sourceTree = "<group>"; };
		473DD84A22F9CCB10002524F /* Info.plist */ = {isa = PBXFileReference; lastKnownFileType = text.plist.xml; path = Info.plist; sourceTree = "<group>"; };
		474FBEC12313E32500375421 /* FakeImage2.png */ = {isa = PBXFileReference; lastKnownFileType = image.png; path = FakeImage2.png; sourceTree = "<group>"; };
		474FBEC22313E32500375421 /* FakeImage1.png */ = {isa = PBXFileReference; lastKnownFileType = image.png; path = FakeImage1.png; sourceTree = "<group>"; };
		474FBEC52313ECFF00375421 /* MockClasses.swift */ = {isa = PBXFileReference; lastKnownFileType = sourcecode.swift; path = MockClasses.swift; sourceTree = "<group>"; };
		475F21C4231FA4B10078D0F2 /* Alamofire.framework */ = {isa = PBXFileReference; lastKnownFileType = wrapper.framework; name = Alamofire.framework; path = Carthage/Build/iOS/Alamofire.framework; sourceTree = "<group>"; };
		475F21C8231FA5860078D0F2 /* Alamofire.framework */ = {isa = PBXFileReference; lastKnownFileType = wrapper.framework; name = Alamofire.framework; path = Carthage/Build/iOS/Alamofire.framework; sourceTree = "<group>"; };
		475F21D4232122AD0078D0F2 /* CommonProtocols.swift */ = {isa = PBXFileReference; lastKnownFileType = sourcecode.swift; path = CommonProtocols.swift; sourceTree = "<group>"; };
		475F21D7232269670078D0F2 /* IndicatorViewController.swift */ = {isa = PBXFileReference; lastKnownFileType = sourcecode.swift; path = IndicatorViewController.swift; sourceTree = "<group>"; };
		475F21D8232269670078D0F2 /* IndicatorViewController.xib */ = {isa = PBXFileReference; lastKnownFileType = file.xib; path = IndicatorViewController.xib; sourceTree = "<group>"; };
		475F21DD2322874D0078D0F2 /* BaseViewController.swift */ = {isa = PBXFileReference; lastKnownFileType = sourcecode.swift; path = BaseViewController.swift; sourceTree = "<group>"; };
		475F21DF2326A2510078D0F2 /* HeaderCollectionReusableView.swift */ = {isa = PBXFileReference; lastKnownFileType = sourcecode.swift; path = HeaderCollectionReusableView.swift; sourceTree = "<group>"; };
		475F21E32327B4030078D0F2 /* SDWebImage.framework */ = {isa = PBXFileReference; lastKnownFileType = wrapper.framework; name = SDWebImage.framework; path = Carthage/Build/iOS/SDWebImage.framework; sourceTree = "<group>"; };
		4782B42F230ADE0A00ED329D /* Protocols.swift */ = {isa = PBXFileReference; lastKnownFileType = sourcecode.swift; path = Protocols.swift; sourceTree = "<group>"; };
		4782B431230AE04C00ED329D /* GestureListWireFrame.swift */ = {isa = PBXFileReference; lastKnownFileType = sourcecode.swift; path = GestureListWireFrame.swift; sourceTree = "<group>"; };
		4782B433230AE06500ED329D /* GestureListInterector.swift */ = {isa = PBXFileReference; lastKnownFileType = sourcecode.swift; path = GestureListInterector.swift; sourceTree = "<group>"; };
		4782B435230AE07800ED329D /* Gestures.swift */ = {isa = PBXFileReference; lastKnownFileType = sourcecode.swift; path = Gestures.swift; sourceTree = "<group>"; };
		4782B437230AE0AF00ED329D /* GestureListPresenter.swift */ = {isa = PBXFileReference; lastKnownFileType = sourcecode.swift; path = GestureListPresenter.swift; sourceTree = "<group>"; };
		4782B43A230AE1A000ED329D /* Constants.swift */ = {isa = PBXFileReference; lastKnownFileType = sourcecode.swift; path = Constants.swift; sourceTree = "<group>"; };
		4782B440230C019500ED329D /* GestureCollectionViewCell.swift */ = {isa = PBXFileReference; lastKnownFileType = sourcecode.swift; path = GestureCollectionViewCell.swift; sourceTree = "<group>"; };
		47900D69230C213700A316DE /* gestures.json */ = {isa = PBXFileReference; lastKnownFileType = text.json; path = gestures.json; sourceTree = "<group>"; };
		47900D6B230C3F4300A316DE /* TopLevelHelper.swift */ = {isa = PBXFileReference; lastKnownFileType = sourcecode.swift; path = TopLevelHelper.swift; sourceTree = "<group>"; };
		47900D89230EE96D00A316DE /* EntityTest.swift */ = {isa = PBXFileReference; lastKnownFileType = sourcecode.swift; path = EntityTest.swift; sourceTree = "<group>"; };
		47900D8B230FF73900A316DE /* main.swift */ = {isa = PBXFileReference; lastKnownFileType = sourcecode.swift; path = main.swift; sourceTree = "<group>"; };
		47C3A1A92334CF4700110D37 /* TopBarViewController.swift */ = {isa = PBXFileReference; lastKnownFileType = sourcecode.swift; path = TopBarViewController.swift; sourceTree = "<group>"; };
		47C3A1AC2334FBAE00110D37 /* Comic Sans MS.ttf */ = {isa = PBXFileReference; lastKnownFileType = file; path = "Comic Sans MS.ttf"; sourceTree = "<group>"; };
		47C3A1AD2334FBAE00110D37 /* Comic Sans MS Bold.ttf */ = {isa = PBXFileReference; lastKnownFileType = file; path = "Comic Sans MS Bold.ttf"; sourceTree = "<group>"; };
		47C3A1FD2338BD1A00110D37 /* TagCollectionViewCell.swift */ = {isa = PBXFileReference; lastKnownFileType = sourcecode.swift; path = TagCollectionViewCell.swift; sourceTree = "<group>"; };
		47C3A1FE2338BD1A00110D37 /* TagCollectionViewCell.xib */ = {isa = PBXFileReference; lastKnownFileType = file.xib; path = TagCollectionViewCell.xib; sourceTree = "<group>"; };
		47FAA1122316BFB0003C041A /* UIViewController+Extensions.swift */ = {isa = PBXFileReference; fileEncoding = 4; lastKnownFileType = sourcecode.swift; path = "UIViewController+Extensions.swift"; sourceTree = "<group>"; };
		47FAA1142316BFC7003C041A /* Requests.swift */ = {isa = PBXFileReference; fileEncoding = 4; lastKnownFileType = sourcecode.swift; path = Requests.swift; sourceTree = "<group>"; };
		47FAA1162316BFDF003C041A /* What_sThisTestInterector.swift */ = {isa = PBXFileReference; fileEncoding = 4; lastKnownFileType = sourcecode.swift; path = What_sThisTestInterector.swift; sourceTree = "<group>"; };
		47FAA1182316C077003C041A /* Assets.xcassets */ = {isa = PBXFileReference; lastKnownFileType = folder.assetcatalog; name = Assets.xcassets; path = "What'sThis/Assets.xcassets"; sourceTree = SOURCE_ROOT; };
		47FAA11A2317BC35003C041A /* What_ThisTestViewController.swift */ = {isa = PBXFileReference; lastKnownFileType = sourcecode.swift; path = What_ThisTestViewController.swift; sourceTree = "<group>"; };
		47FAA1212317DCE0003C041A /* GestureDetailsViewController.swift */ = {isa = PBXFileReference; lastKnownFileType = sourcecode.swift; path = GestureDetailsViewController.swift; sourceTree = "<group>"; };
		47FAA1222317DCE0003C041A /* GestureDetailsViewController.xib */ = {isa = PBXFileReference; lastKnownFileType = file.xib; path = GestureDetailsViewController.xib; sourceTree = "<group>"; };
		47FAA1252317DFAC003C041A /* GestureDetails.swift */ = {isa = PBXFileReference; lastKnownFileType = sourcecode.swift; path = GestureDetails.swift; sourceTree = "<group>"; };
		47FAA128231802FD003C041A /* UIApplication+Extensions.swift */ = {isa = PBXFileReference; lastKnownFileType = sourcecode.swift; path = "UIApplication+Extensions.swift"; sourceTree = "<group>"; };
		47FAA12B2318082E003C041A /* GestureDetailsWireFrame.swift */ = {isa = PBXFileReference; lastKnownFileType = sourcecode.swift; path = GestureDetailsWireFrame.swift; sourceTree = "<group>"; };
		47FAA12E23180FF1003C041A /* GestureDetailsProtocols.swift */ = {isa = PBXFileReference; lastKnownFileType = sourcecode.swift; path = GestureDetailsProtocols.swift; sourceTree = "<group>"; };
		47FAA130231811C9003C041A /* GestureDetailsPresenter.swift */ = {isa = PBXFileReference; lastKnownFileType = sourcecode.swift; path = GestureDetailsPresenter.swift; sourceTree = "<group>"; };
		47FAA134231812A7003C041A /* GestureDetailsInterector.swift */ = {isa = PBXFileReference; lastKnownFileType = sourcecode.swift; path = GestureDetailsInterector.swift; sourceTree = "<group>"; };
		47FAA13623190CD4003C041A /* gestureDetails.json */ = {isa = PBXFileReference; lastKnownFileType = text.json; path = gestureDetails.json; sourceTree = "<group>"; };
		47FAA13A23193624003C041A /* Result.swift */ = {isa = PBXFileReference; lastKnownFileType = sourcecode.swift; path = Result.swift; sourceTree = "<group>"; };
/* End PBXFileReference section */

/* Begin PBXFrameworksBuildPhase section */
		473DD81F22F9CCAD0002524F /* Frameworks */ = {
			isa = PBXFrameworksBuildPhase;
			buildActionMask = 2147483647;
			files = (
				475F21E42327B4060078D0F2 /* SDWebImage.framework in Frameworks */,
				475F21C5231FA4B10078D0F2 /* Alamofire.framework in Frameworks */,
			);
			runOnlyForDeploymentPostprocessing = 0;
		};
		473DD83622F9CCB10002524F /* Frameworks */ = {
			isa = PBXFrameworksBuildPhase;
			buildActionMask = 2147483647;
			files = (
				47EC3214234DDB5600D5BF80 /* Alamofire.framework in Frameworks */,
			);
			runOnlyForDeploymentPostprocessing = 0;
		};
		473DD84122F9CCB10002524F /* Frameworks */ = {
			isa = PBXFrameworksBuildPhase;
			buildActionMask = 2147483647;
			files = (
			);
			runOnlyForDeploymentPostprocessing = 0;
		};
/* End PBXFrameworksBuildPhase section */

/* Begin PBXGroup section */
		473DD81922F9CCAD0002524F = {
			isa = PBXGroup;
			children = (
				475F21E32327B4030078D0F2 /* SDWebImage.framework */,
				475F21C8231FA5860078D0F2 /* Alamofire.framework */,
				473DD82422F9CCAD0002524F /* What'sThis */,
				473DD83C22F9CCB10002524F /* What'sThisTests */,
				473DD84722F9CCB10002524F /* What'sThisUITests */,
				473DD82322F9CCAD0002524F /* Products */,
				475F21C3231FA4B00078D0F2 /* Frameworks */,
			);
			sourceTree = "<group>";
		};
		473DD82322F9CCAD0002524F /* Products */ = {
			isa = PBXGroup;
			children = (
				473DD82222F9CCAD0002524F /* What'sThis.app */,
				473DD83922F9CCB10002524F /* What'sThisTests.xctest */,
				473DD84422F9CCB10002524F /* What'sThisUITests.xctest */,
			);
			name = Products;
			sourceTree = "<group>";
		};
		473DD82422F9CCAD0002524F /* What'sThis */ = {
			isa = PBXGroup;
			children = (
				47C3A1AB2334FB8E00110D37 /* Fonts */,
				47FAA1182316C077003C041A /* Assets.xcassets */,
				4782B439230AE19100ED329D /* Commons */,
				4782B42E230ADCF200ED329D /* Modules */,
				473DD82522F9CCAD0002524F /* AppDelegate.swift */,
				473DD82922F9CCAD0002524F /* Main.storyboard */,
				473DD83122F9CCB00002524F /* LaunchScreen.storyboard */,
				473DD83422F9CCB00002524F /* Info.plist */,
				473DD82C22F9CCAD0002524F /* What_sThis.xcdatamodeld */,
				47900D8B230FF73900A316DE /* main.swift */,
				47900D69230C213700A316DE /* gestures.json */,
				47FAA13623190CD4003C041A /* gestureDetails.json */,
			);
			path = "What'sThis";
			sourceTree = "<group>";
		};
		473DD83C22F9CCB10002524F /* What'sThisTests */ = {
			isa = PBXGroup;
			children = (
				47FAA1162316BFDF003C041A /* What_sThisTestInterector.swift */,
				47900D84230EA3DF00A316DE /* fakeImages */,
				473DD83D22F9CCB10002524F /* What_sThisTestsPresenter.swift */,
				473DD83F22F9CCB10002524F /* Info.plist */,
				47900D6B230C3F4300A316DE /* TopLevelHelper.swift */,
				47900D89230EE96D00A316DE /* EntityTest.swift */,
				474FBEC52313ECFF00375421 /* MockClasses.swift */,
				47FAA11A2317BC35003C041A /* What_ThisTestViewController.swift */,
			);
			path = "What'sThisTests";
			sourceTree = "<group>";
		};
		473DD84722F9CCB10002524F /* What'sThisUITests */ = {
			isa = PBXGroup;
			children = (
				473DD84822F9CCB10002524F /* What_sThisUITests.swift */,
				473DD84A22F9CCB10002524F /* Info.plist */,
			);
			path = "What'sThisUITests";
			sourceTree = "<group>";
		};
		475F21C3231FA4B00078D0F2 /* Frameworks */ = {
			isa = PBXGroup;
			children = (
				475F21C4231FA4B10078D0F2 /* Alamofire.framework */,
			);
			name = Frameworks;
			sourceTree = "<group>";
		};
		475F21D6232269430078D0F2 /* IndicatorView */ = {
			isa = PBXGroup;
			children = (
				475F21D7232269670078D0F2 /* IndicatorViewController.swift */,
				475F21D8232269670078D0F2 /* IndicatorViewController.xib */,
			);
			path = IndicatorView;
			sourceTree = "<group>";
		};
		4782B428230ADC4100ED329D /* View */ = {
			isa = PBXGroup;
			children = (
				473DD82722F9CCAD0002524F /* ViewController.swift */,
				4782B440230C019500ED329D /* GestureCollectionViewCell.swift */,
				475F21DF2326A2510078D0F2 /* HeaderCollectionReusableView.swift */,
				471F7AC42328FF75007FAF1D /* SearchBarViewController.swift */,
				471F7AC52328FF75007FAF1D /* TopBarViewController.xib */,
				47C3A1A92334CF4700110D37 /* TopBarViewController.swift */,
				47C3A1FD2338BD1A00110D37 /* TagCollectionViewCell.swift */,
				47C3A1FE2338BD1A00110D37 /* TagCollectionViewCell.xib */,
			);
			path = View;
			sourceTree = "<group>";
		};
		4782B429230ADC4700ED329D /* Presenter */ = {
			isa = PBXGroup;
			children = (
				4782B437230AE0AF00ED329D /* GestureListPresenter.swift */,
			);
			path = Presenter;
			sourceTree = "<group>";
		};
		4782B42A230ADC4D00ED329D /* Entity */ = {
			isa = PBXGroup;
			children = (
				4782B435230AE07800ED329D /* Gestures.swift */,
			);
			path = Entity;
			sourceTree = "<group>";
		};
		4782B42B230ADC8400ED329D /* Interector */ = {
			isa = PBXGroup;
			children = (
				4782B433230AE06500ED329D /* GestureListInterector.swift */,
			);
			path = Interector;
			sourceTree = "<group>";
		};
		4782B42C230ADC9500ED329D /* Protocol */ = {
			isa = PBXGroup;
			children = (
				4782B42F230ADE0A00ED329D /* Protocols.swift */,
			);
			path = Protocol;
			sourceTree = "<group>";
		};
		4782B42D230ADCBF00ED329D /* WireFrame */ = {
			isa = PBXGroup;
			children = (
				4782B431230AE04C00ED329D /* GestureListWireFrame.swift */,
			);
			path = WireFrame;
			sourceTree = "<group>";
		};
		4782B42E230ADCF200ED329D /* Modules */ = {
			isa = PBXGroup;
			children = (
				47FAA11D2317D982003C041A /* GesturesDetail */,
				47FAA11C2317D959003C041A /* GesturesList */,
				47FAA1142316BFC7003C041A /* Requests.swift */,
			);
			path = Modules;
			sourceTree = "<group>";
		};
		4782B439230AE19100ED329D /* Commons */ = {
			isa = PBXGroup;
			children = (
				475F21D6232269430078D0F2 /* IndicatorView */,
				47FAA1122316BFB0003C041A /* UIViewController+Extensions.swift */,
				4782B43A230AE1A000ED329D /* Constants.swift */,
				47FAA128231802FD003C041A /* UIApplication+Extensions.swift */,
				47FAA13A23193624003C041A /* Result.swift */,
				475F21D4232122AD0078D0F2 /* CommonProtocols.swift */,
				475F21DD2322874D0078D0F2 /* BaseViewController.swift */,
			);
			path = Commons;
			sourceTree = "<group>";
		};
		47900D84230EA3DF00A316DE /* fakeImages */ = {
			isa = PBXGroup;
			children = (
				474FBEC22313E32500375421 /* FakeImage1.png */,
				474FBEC12313E32500375421 /* FakeImage2.png */,
			);
			path = fakeImages;
			sourceTree = "<group>";
		};
		47C3A1AB2334FB8E00110D37 /* Fonts */ = {
			isa = PBXGroup;
			children = (
				47C3A1AD2334FBAE00110D37 /* Comic Sans MS Bold.ttf */,
				47C3A1AC2334FBAE00110D37 /* Comic Sans MS.ttf */,
			);
			path = Fonts;
			sourceTree = "<group>";
		};
		47FAA11C2317D959003C041A /* GesturesList */ = {
			isa = PBXGroup;
			children = (
				4782B42D230ADCBF00ED329D /* WireFrame */,
				4782B42C230ADC9500ED329D /* Protocol */,
				4782B42B230ADC8400ED329D /* Interector */,
				4782B42A230ADC4D00ED329D /* Entity */,
				4782B429230ADC4700ED329D /* Presenter */,
				4782B428230ADC4100ED329D /* View */,
			);
			path = GesturesList;
			sourceTree = "<group>";
		};
		47FAA11D2317D982003C041A /* GesturesDetail */ = {
			isa = PBXGroup;
			children = (
				47FAA133231811E6003C041A /* Interector */,
				47FAA132231811CF003C041A /* Presenter */,
				47FAA12D23180B73003C041A /* Protocol */,
				47FAA12A23180805003C041A /* WireFrame */,
				47FAA1272317DFB0003C041A /* Entity */,
				47FAA11E2317DC87003C041A /* View */,
			);
			path = GesturesDetail;
			sourceTree = "<group>";
		};
		47FAA11E2317DC87003C041A /* View */ = {
			isa = PBXGroup;
			children = (
				47FAA1212317DCE0003C041A /* GestureDetailsViewController.swift */,
				47FAA1222317DCE0003C041A /* GestureDetailsViewController.xib */,
			);
			path = View;
			sourceTree = "<group>";
		};
		47FAA1272317DFB0003C041A /* Entity */ = {
			isa = PBXGroup;
			children = (
				47FAA1252317DFAC003C041A /* GestureDetails.swift */,
			);
			path = Entity;
			sourceTree = "<group>";
		};
		47FAA12A23180805003C041A /* WireFrame */ = {
			isa = PBXGroup;
			children = (
				47FAA12B2318082E003C041A /* GestureDetailsWireFrame.swift */,
			);
			path = WireFrame;
			sourceTree = "<group>";
		};
		47FAA12D23180B73003C041A /* Protocol */ = {
			isa = PBXGroup;
			children = (
				47FAA12E23180FF1003C041A /* GestureDetailsProtocols.swift */,
			);
			path = Protocol;
			sourceTree = "<group>";
		};
		47FAA132231811CF003C041A /* Presenter */ = {
			isa = PBXGroup;
			children = (
				47FAA130231811C9003C041A /* GestureDetailsPresenter.swift */,
			);
			path = Presenter;
			sourceTree = "<group>";
		};
		47FAA133231811E6003C041A /* Interector */ = {
			isa = PBXGroup;
			children = (
				47FAA134231812A7003C041A /* GestureDetailsInterector.swift */,
			);
			path = Interector;
			sourceTree = "<group>";
		};
/* End PBXGroup section */

/* Begin PBXNativeTarget section */
		473DD82122F9CCAD0002524F /* What'sThis */ = {
			isa = PBXNativeTarget;
			buildConfigurationList = 473DD84D22F9CCB10002524F /* Build configuration list for PBXNativeTarget "What'sThis" */;
			buildPhases = (
				473DD81E22F9CCAD0002524F /* Sources */,
				473DD81F22F9CCAD0002524F /* Frameworks */,
				473DD82022F9CCAD0002524F /* Resources */,
				475F21C6231FA4C20078D0F2 /* ShellScript */,
				475F21C7231FA55D0078D0F2 /* CopyFiles */,
			);
			buildRules = (
			);
			dependencies = (
			);
			name = "What'sThis";
			productName = "What'sThis";
			productReference = 473DD82222F9CCAD0002524F /* What'sThis.app */;
			productType = "com.apple.product-type.application";
		};
		473DD83822F9CCB10002524F /* What'sThisTests */ = {
			isa = PBXNativeTarget;
			buildConfigurationList = 473DD85022F9CCB10002524F /* Build configuration list for PBXNativeTarget "What'sThisTests" */;
			buildPhases = (
				473DD83522F9CCB10002524F /* Sources */,
				473DD83622F9CCB10002524F /* Frameworks */,
				473DD83722F9CCB10002524F /* Resources */,
				47EC3215234DDB8A00D5BF80 /* ShellScript */,
			);
			buildRules = (
			);
			dependencies = (
				473DD83B22F9CCB10002524F /* PBXTargetDependency */,
			);
			name = "What'sThisTests";
			productName = "What'sThisTests";
			productReference = 473DD83922F9CCB10002524F /* What'sThisTests.xctest */;
			productType = "com.apple.product-type.bundle.unit-test";
		};
		473DD84322F9CCB10002524F /* What'sThisUITests */ = {
			isa = PBXNativeTarget;
			buildConfigurationList = 473DD85322F9CCB10002524F /* Build configuration list for PBXNativeTarget "What'sThisUITests" */;
			buildPhases = (
				473DD84022F9CCB10002524F /* Sources */,
				473DD84122F9CCB10002524F /* Frameworks */,
				473DD84222F9CCB10002524F /* Resources */,
			);
			buildRules = (
			);
			dependencies = (
				473DD84622F9CCB10002524F /* PBXTargetDependency */,
			);
			name = "What'sThisUITests";
			productName = "What'sThisUITests";
			productReference = 473DD84422F9CCB10002524F /* What'sThisUITests.xctest */;
			productType = "com.apple.product-type.bundle.ui-testing";
		};
/* End PBXNativeTarget section */

/* Begin PBXProject section */
		473DD81A22F9CCAD0002524F /* Project object */ = {
			isa = PBXProject;
			attributes = {
				LastSwiftUpdateCheck = 1010;
				LastUpgradeCheck = 1010;
				ORGANIZATIONNAME = "Tara Tandel";
				TargetAttributes = {
					473DD82122F9CCAD0002524F = {
						CreatedOnToolsVersion = 10.1;
					};
					473DD83822F9CCB10002524F = {
						CreatedOnToolsVersion = 10.1;
						TestTargetID = 473DD82122F9CCAD0002524F;
					};
					473DD84322F9CCB10002524F = {
						CreatedOnToolsVersion = 10.1;
						TestTargetID = 473DD82122F9CCAD0002524F;
					};
				};
			};
			buildConfigurationList = 473DD81D22F9CCAD0002524F /* Build configuration list for PBXProject "What'sThis" */;
			compatibilityVersion = "Xcode 9.3";
			developmentRegion = en;
			hasScannedForEncodings = 0;
			knownRegions = (
				en,
				Base,
			);
			mainGroup = 473DD81922F9CCAD0002524F;
			productRefGroup = 473DD82322F9CCAD0002524F /* Products */;
			projectDirPath = "";
			projectRoot = "";
			targets = (
				473DD82122F9CCAD0002524F /* What'sThis */,
				473DD83822F9CCB10002524F /* What'sThisTests */,
				473DD84322F9CCB10002524F /* What'sThisUITests */,
			);
		};
/* End PBXProject section */

/* Begin PBXResourcesBuildPhase section */
		473DD82022F9CCAD0002524F /* Resources */ = {
			isa = PBXResourcesBuildPhase;
			buildActionMask = 2147483647;
			files = (
				471F7AC72328FF75007FAF1D /* TopBarViewController.xib in Resources */,
				47FAA13723190CD5003C041A /* gestureDetails.json in Resources */,
				473DD83322F9CCB00002524F /* LaunchScreen.storyboard in Resources */,
				47C3A1AF2334FBAE00110D37 /* Comic Sans MS Bold.ttf in Resources */,
				473DD82B22F9CCAD0002524F /* Main.storyboard in Resources */,
				47C3A2002338BD1A00110D37 /* TagCollectionViewCell.xib in Resources */,
				47900D6A230C213700A316DE /* gestures.json in Resources */,
				475F21DA232269670078D0F2 /* IndicatorViewController.xib in Resources */,
				47C3A1AE2334FBAE00110D37 /* Comic Sans MS.ttf in Resources */,
				47FAA1192316C077003C041A /* Assets.xcassets in Resources */,
				47FAA1242317DCE0003C041A /* GestureDetailsViewController.xib in Resources */,
			);
			runOnlyForDeploymentPostprocessing = 0;
		};
		473DD83722F9CCB10002524F /* Resources */ = {
			isa = PBXResourcesBuildPhase;
			buildActionMask = 2147483647;
			files = (
				474FBEC32313E32600375421 /* FakeImage2.png in Resources */,
				474FBEC42313E32600375421 /* FakeImage1.png in Resources */,
			);
			runOnlyForDeploymentPostprocessing = 0;
		};
		473DD84222F9CCB10002524F /* Resources */ = {
			isa = PBXResourcesBuildPhase;
			buildActionMask = 2147483647;
			files = (
			);
			runOnlyForDeploymentPostprocessing = 0;
		};
/* End PBXResourcesBuildPhase section */

/* Begin PBXShellScriptBuildPhase section */
		475F21C6231FA4C20078D0F2 /* ShellScript */ = {
			isa = PBXShellScriptBuildPhase;
			buildActionMask = 8;
			files = (
			);
			inputFileListPaths = (
			);
			inputPaths = (
				"$(SRCROOT)/Carthage/Build/iOS/Alamofire.framework",
				"$(SRCROOT)/Carthage/Build/iOS/SDWebImage.framework",
			);
			outputFileListPaths = (
			);
			outputPaths = (
			);
			runOnlyForDeploymentPostprocessing = 1;
			shellPath = "/usr/local/bin/carthage copy-frameworks";
			shellScript = "# Type a script or drag a script file from your workspace to insert its path.\n";
		};
		47EC3215234DDB8A00D5BF80 /* ShellScript */ = {
			isa = PBXShellScriptBuildPhase;
			buildActionMask = 2147483647;
			files = (
			);
			inputFileListPaths = (
			);
			inputPaths = (
				"$(SRCROOT)//Carthage/Build/iOS/Alamofire.framework",
			);
			outputFileListPaths = (
			);
			outputPaths = (
			);
			runOnlyForDeploymentPostprocessing = 0;
			shellPath = /bin/sh;
			shellScript = "/usr/local/bin/carthage copy-frameworks\n";
		};
/* End PBXShellScriptBuildPhase section */

/* Begin PBXSourcesBuildPhase section */
		473DD81E22F9CCAD0002524F /* Sources */ = {
			isa = PBXSourcesBuildPhase;
			buildActionMask = 2147483647;
			files = (
				4782B438230AE0AF00ED329D /* GestureListPresenter.swift in Sources */,
				473DD82822F9CCAD0002524F /* ViewController.swift in Sources */,
				473DD82622F9CCAD0002524F /* AppDelegate.swift in Sources */,
				47FAA12F23180FF1003C041A /* GestureDetailsProtocols.swift in Sources */,
				4782B434230AE06500ED329D /* GestureListInterector.swift in Sources */,
				47C3A1AA2334CF4700110D37 /* TopBarViewController.swift in Sources */,
				475F21DE2322874D0078D0F2 /* BaseViewController.swift in Sources */,
				475F21D5232122AD0078D0F2 /* CommonProtocols.swift in Sources */,
				47FAA1152316BFC8003C041A /* Requests.swift in Sources */,
				475F21E02326A2510078D0F2 /* HeaderCollectionReusableView.swift in Sources */,
				47FAA1132316BFB0003C041A /* UIViewController+Extensions.swift in Sources */,
				475F21D9232269670078D0F2 /* IndicatorViewController.swift in Sources */,
				47FAA131231811C9003C041A /* GestureDetailsPresenter.swift in Sources */,
				47FAA129231802FD003C041A /* UIApplication+Extensions.swift in Sources */,
				4782B432230AE04C00ED329D /* GestureListWireFrame.swift in Sources */,
				473DD82E22F9CCAD0002524F /* What_sThis.xcdatamodeld in Sources */,
				4782B441230C019500ED329D /* GestureCollectionViewCell.swift in Sources */,
				47C3A1FF2338BD1A00110D37 /* TagCollectionViewCell.swift in Sources */,
				47FAA1232317DCE0003C041A /* GestureDetailsViewController.swift in Sources */,
				47900D8C230FF73900A316DE /* main.swift in Sources */,
				47FAA12C2318082E003C041A /* GestureDetailsWireFrame.swift in Sources */,
				47FAA1262317DFAC003C041A /* GestureDetails.swift in Sources */,
				471F7AC62328FF75007FAF1D /* SearchBarViewController.swift in Sources */,
				4782B436230AE07800ED329D /* Gestures.swift in Sources */,
				47FAA135231812A8003C041A /* GestureDetailsInterector.swift in Sources */,
				47FAA13B23193624003C041A /* Result.swift in Sources */,
				4782B430230ADE0A00ED329D /* Protocols.swift in Sources */,
				4782B43B230AE1A000ED329D /* Constants.swift in Sources */,
			);
			runOnlyForDeploymentPostprocessing = 0;
		};
		473DD83522F9CCB10002524F /* Sources */ = {
			isa = PBXSourcesBuildPhase;
			buildActionMask = 2147483647;
			files = (
				47FAA11B2317BC35003C041A /* What_ThisTestViewController.swift in Sources */,
				474FBEC62313ECFF00375421 /* MockClasses.swift in Sources */,
				47900D6C230C3F4300A316DE /* TopLevelHelper.swift in Sources */,
				473DD83E22F9CCB10002524F /* What_sThisTestsPresenter.swift in Sources */,
				47900D8A230EE96D00A316DE /* EntityTest.swift in Sources */,
				47FAA1172316BFE0003C041A /* What_sThisTestInterector.swift in Sources */,
			);
			runOnlyForDeploymentPostprocessing = 0;
		};
		473DD84022F9CCB10002524F /* Sources */ = {
			isa = PBXSourcesBuildPhase;
			buildActionMask = 2147483647;
			files = (
				473DD84922F9CCB10002524F /* What_sThisUITests.swift in Sources */,
			);
			runOnlyForDeploymentPostprocessing = 0;
		};
/* End PBXSourcesBuildPhase section */

/* Begin PBXTargetDependency section */
		473DD83B22F9CCB10002524F /* PBXTargetDependency */ = {
			isa = PBXTargetDependency;
			target = 473DD82122F9CCAD0002524F /* What'sThis */;
			targetProxy = 473DD83A22F9CCB10002524F /* PBXContainerItemProxy */;
		};
		473DD84622F9CCB10002524F /* PBXTargetDependency */ = {
			isa = PBXTargetDependency;
			target = 473DD82122F9CCAD0002524F /* What'sThis */;
			targetProxy = 473DD84522F9CCB10002524F /* PBXContainerItemProxy */;
		};
/* End PBXTargetDependency section */

/* Begin PBXVariantGroup section */
		473DD82922F9CCAD0002524F /* Main.storyboard */ = {
			isa = PBXVariantGroup;
			children = (
				473DD82A22F9CCAD0002524F /* Base */,
			);
			name = Main.storyboard;
			sourceTree = "<group>";
		};
		473DD83122F9CCB00002524F /* LaunchScreen.storyboard */ = {
			isa = PBXVariantGroup;
			children = (
				473DD83222F9CCB00002524F /* Base */,
			);
			name = LaunchScreen.storyboard;
			sourceTree = "<group>";
		};
/* End PBXVariantGroup section */

/* Begin XCBuildConfiguration section */
		473DD84B22F9CCB10002524F /* Debug */ = {
			isa = XCBuildConfiguration;
			buildSettings = {
				ALWAYS_SEARCH_USER_PATHS = NO;
				CLANG_ANALYZER_NONNULL = YES;
				CLANG_ANALYZER_NUMBER_OBJECT_CONVERSION = YES_AGGRESSIVE;
				CLANG_CXX_LANGUAGE_STANDARD = "gnu++14";
				CLANG_CXX_LIBRARY = "libc++";
				CLANG_ENABLE_MODULES = YES;
				CLANG_ENABLE_OBJC_ARC = YES;
				CLANG_ENABLE_OBJC_WEAK = YES;
				CLANG_WARN_BLOCK_CAPTURE_AUTORELEASING = YES;
				CLANG_WARN_BOOL_CONVERSION = YES;
				CLANG_WARN_COMMA = YES;
				CLANG_WARN_CONSTANT_CONVERSION = YES;
				CLANG_WARN_DEPRECATED_OBJC_IMPLEMENTATIONS = YES;
				CLANG_WARN_DIRECT_OBJC_ISA_USAGE = YES_ERROR;
				CLANG_WARN_DOCUMENTATION_COMMENTS = YES;
				CLANG_WARN_EMPTY_BODY = YES;
				CLANG_WARN_ENUM_CONVERSION = YES;
				CLANG_WARN_INFINITE_RECURSION = YES;
				CLANG_WARN_INT_CONVERSION = YES;
				CLANG_WARN_NON_LITERAL_NULL_CONVERSION = YES;
				CLANG_WARN_OBJC_IMPLICIT_RETAIN_SELF = YES;
				CLANG_WARN_OBJC_LITERAL_CONVERSION = YES;
				CLANG_WARN_OBJC_ROOT_CLASS = YES_ERROR;
				CLANG_WARN_RANGE_LOOP_ANALYSIS = YES;
				CLANG_WARN_STRICT_PROTOTYPES = YES;
				CLANG_WARN_SUSPICIOUS_MOVE = YES;
				CLANG_WARN_UNGUARDED_AVAILABILITY = YES_AGGRESSIVE;
				CLANG_WARN_UNREACHABLE_CODE = YES;
				CLANG_WARN__DUPLICATE_METHOD_MATCH = YES;
				CODE_SIGN_IDENTITY = "iPhone Developer";
				COPY_PHASE_STRIP = NO;
				DEBUG_INFORMATION_FORMAT = dwarf;
				ENABLE_STRICT_OBJC_MSGSEND = YES;
				ENABLE_TESTABILITY = YES;
				GCC_C_LANGUAGE_STANDARD = gnu11;
				GCC_DYNAMIC_NO_PIC = NO;
				GCC_NO_COMMON_BLOCKS = YES;
				GCC_OPTIMIZATION_LEVEL = 0;
				GCC_PREPROCESSOR_DEFINITIONS = (
					"DEBUG=1",
					"$(inherited)",
				);
				GCC_WARN_64_TO_32_BIT_CONVERSION = YES;
				GCC_WARN_ABOUT_RETURN_TYPE = YES_ERROR;
				GCC_WARN_UNDECLARED_SELECTOR = YES;
				GCC_WARN_UNINITIALIZED_AUTOS = YES_AGGRESSIVE;
				GCC_WARN_UNUSED_FUNCTION = YES;
				GCC_WARN_UNUSED_VARIABLE = YES;
				IPHONEOS_DEPLOYMENT_TARGET = 12.1;
				MTL_ENABLE_DEBUG_INFO = INCLUDE_SOURCE;
				MTL_FAST_MATH = YES;
				ONLY_ACTIVE_ARCH = YES;
				SDKROOT = iphoneos;
				SWIFT_ACTIVE_COMPILATION_CONDITIONS = DEBUG;
				SWIFT_OPTIMIZATION_LEVEL = "-Onone";
			};
			name = Debug;
		};
		473DD84C22F9CCB10002524F /* Release */ = {
			isa = XCBuildConfiguration;
			buildSettings = {
				ALWAYS_SEARCH_USER_PATHS = NO;
				CLANG_ANALYZER_NONNULL = YES;
				CLANG_ANALYZER_NUMBER_OBJECT_CONVERSION = YES_AGGRESSIVE;
				CLANG_CXX_LANGUAGE_STANDARD = "gnu++14";
				CLANG_CXX_LIBRARY = "libc++";
				CLANG_ENABLE_MODULES = YES;
				CLANG_ENABLE_OBJC_ARC = YES;
				CLANG_ENABLE_OBJC_WEAK = YES;
				CLANG_WARN_BLOCK_CAPTURE_AUTORELEASING = YES;
				CLANG_WARN_BOOL_CONVERSION = YES;
				CLANG_WARN_COMMA = YES;
				CLANG_WARN_CONSTANT_CONVERSION = YES;
				CLANG_WARN_DEPRECATED_OBJC_IMPLEMENTATIONS = YES;
				CLANG_WARN_DIRECT_OBJC_ISA_USAGE = YES_ERROR;
				CLANG_WARN_DOCUMENTATION_COMMENTS = YES;
				CLANG_WARN_EMPTY_BODY = YES;
				CLANG_WARN_ENUM_CONVERSION = YES;
				CLANG_WARN_INFINITE_RECURSION = YES;
				CLANG_WARN_INT_CONVERSION = YES;
				CLANG_WARN_NON_LITERAL_NULL_CONVERSION = YES;
				CLANG_WARN_OBJC_IMPLICIT_RETAIN_SELF = YES;
				CLANG_WARN_OBJC_LITERAL_CONVERSION = YES;
				CLANG_WARN_OBJC_ROOT_CLASS = YES_ERROR;
				CLANG_WARN_RANGE_LOOP_ANALYSIS = YES;
				CLANG_WARN_STRICT_PROTOTYPES = YES;
				CLANG_WARN_SUSPICIOUS_MOVE = YES;
				CLANG_WARN_UNGUARDED_AVAILABILITY = YES_AGGRESSIVE;
				CLANG_WARN_UNREACHABLE_CODE = YES;
				CLANG_WARN__DUPLICATE_METHOD_MATCH = YES;
				CODE_SIGN_IDENTITY = "iPhone Developer";
				COPY_PHASE_STRIP = NO;
				DEBUG_INFORMATION_FORMAT = "dwarf-with-dsym";
				ENABLE_NS_ASSERTIONS = NO;
				ENABLE_STRICT_OBJC_MSGSEND = YES;
				GCC_C_LANGUAGE_STANDARD = gnu11;
				GCC_NO_COMMON_BLOCKS = YES;
				GCC_WARN_64_TO_32_BIT_CONVERSION = YES;
				GCC_WARN_ABOUT_RETURN_TYPE = YES_ERROR;
				GCC_WARN_UNDECLARED_SELECTOR = YES;
				GCC_WARN_UNINITIALIZED_AUTOS = YES_AGGRESSIVE;
				GCC_WARN_UNUSED_FUNCTION = YES;
				GCC_WARN_UNUSED_VARIABLE = YES;
				IPHONEOS_DEPLOYMENT_TARGET = 12.1;
				MTL_ENABLE_DEBUG_INFO = NO;
				MTL_FAST_MATH = YES;
				SDKROOT = iphoneos;
				SWIFT_COMPILATION_MODE = wholemodule;
				SWIFT_OPTIMIZATION_LEVEL = "-O";
				VALIDATE_PRODUCT = YES;
			};
			name = Release;
		};
		473DD84E22F9CCB10002524F /* Debug */ = {
			isa = XCBuildConfiguration;
			buildSettings = {
				ASSETCATALOG_COMPILER_APPICON_NAME = AppIcon;
				CODE_SIGN_STYLE = Automatic;
				DEVELOPMENT_TEAM = KCCZ4PVUZS;
				FRAMEWORK_SEARCH_PATHS = (
					"$(inherited)",
					"$(PROJECT_DIR)/Carthage/Build/iOS",
				);
				INFOPLIST_FILE = "What'sThis/Info.plist";
				LD_RUNPATH_SEARCH_PATHS = (
					"$(inherited)",
					"@executable_path/Frameworks",
				);
				PRODUCT_BUNDLE_IDENTIFIER = "TaraTandel.What-sThis";
				PRODUCT_NAME = "$(TARGET_NAME)";
				SWIFT_REFLECTION_METADATA_LEVEL = none;
				SWIFT_VERSION = 4.2;
				TARGETED_DEVICE_FAMILY = "1,2";
			};
			name = Debug;
		};
		473DD84F22F9CCB10002524F /* Release */ = {
			isa = XCBuildConfiguration;
			buildSettings = {
				ASSETCATALOG_COMPILER_APPICON_NAME = AppIcon;
				CODE_SIGN_STYLE = Automatic;
				DEVELOPMENT_TEAM = KCCZ4PVUZS;
				FRAMEWORK_SEARCH_PATHS = (
					"$(inherited)",
					"$(PROJECT_DIR)/Carthage/Build/iOS",
				);
				INFOPLIST_FILE = "What'sThis/Info.plist";
				LD_RUNPATH_SEARCH_PATHS = (
					"$(inherited)",
					"@executable_path/Frameworks",
				);
				PRODUCT_BUNDLE_IDENTIFIER = "TaraTandel.What-sThis";
				PRODUCT_NAME = "$(TARGET_NAME)";
				SWIFT_REFLECTION_METADATA_LEVEL = none;
				SWIFT_VERSION = 4.2;
				TARGETED_DEVICE_FAMILY = "1,2";
			};
			name = Release;
		};
		473DD85122F9CCB10002524F /* Debug */ = {
			isa = XCBuildConfiguration;
			buildSettings = {
				ALWAYS_EMBED_SWIFT_STANDARD_LIBRARIES = YES;
				BUNDLE_LOADER = "$(TEST_HOST)";
				CODE_SIGN_STYLE = Automatic;
				DEVELOPMENT_TEAM = KCCZ4PVUZS;
				FRAMEWORK_SEARCH_PATHS = (
					"$(inherited)",
					"$(PROJECT_DIR)/Carthage/Build/iOS",
				);
				INFOPLIST_FILE = "What'sThisTests/Info.plist";
				LD_RUNPATH_SEARCH_PATHS = (
					"$(inherited)",
					"@executable_path/Frameworks",
					"@loader_path/Frameworks",
				);
				PRODUCT_BUNDLE_IDENTIFIER = "TaraTandel.What-sThisTests";
				PRODUCT_NAME = "$(TARGET_NAME)";
				SWIFT_REFLECTION_METADATA_LEVEL = none;
				SWIFT_VERSION = 4.2;
				TARGETED_DEVICE_FAMILY = "1,2";
				TEST_HOST = "$(BUILT_PRODUCTS_DIR)/What'sThis.app/What'sThis";
			};
			name = Debug;
		};
		473DD85222F9CCB10002524F /* Release */ = {
			isa = XCBuildConfiguration;
			buildSettings = {
				ALWAYS_EMBED_SWIFT_STANDARD_LIBRARIES = YES;
				BUNDLE_LOADER = "$(TEST_HOST)";
				CODE_SIGN_STYLE = Automatic;
				DEVELOPMENT_TEAM = KCCZ4PVUZS;
				FRAMEWORK_SEARCH_PATHS = (
					"$(inherited)",
					"$(PROJECT_DIR)/Carthage/Build/iOS",
				);
				INFOPLIST_FILE = "What'sThisTests/Info.plist";
				LD_RUNPATH_SEARCH_PATHS = (
					"$(inherited)",
					"@executable_path/Frameworks",
					"@loader_path/Frameworks",
				);
				PRODUCT_BUNDLE_IDENTIFIER = "TaraTandel.What-sThisTests";
				PRODUCT_NAME = "$(TARGET_NAME)";
				SWIFT_REFLECTION_METADATA_LEVEL = none;
				SWIFT_VERSION = 4.2;
				TARGETED_DEVICE_FAMILY = "1,2";
				TEST_HOST = "$(BUILT_PRODUCTS_DIR)/What'sThis.app/What'sThis";
			};
			name = Release;
		};
		473DD85422F9CCB10002524F /* Debug */ = {
			isa = XCBuildConfiguration;
			buildSettings = {
				ALWAYS_EMBED_SWIFT_STANDARD_LIBRARIES = YES;
				CODE_SIGN_STYLE = Automatic;
				INFOPLIST_FILE = "What'sThisUITests/Info.plist";
				LD_RUNPATH_SEARCH_PATHS = (
					"$(inherited)",
					"@executable_path/Frameworks",
					"@loader_path/Frameworks",
				);
				PRODUCT_BUNDLE_IDENTIFIER = "TaraTandel.What-sThisUITests";
				PRODUCT_NAME = "$(TARGET_NAME)";
				SWIFT_VERSION = 4.2;
				TARGETED_DEVICE_FAMILY = "1,2";
				TEST_TARGET_NAME = "What'sThis";
			};
			name = Debug;
		};
		473DD85522F9CCB10002524F /* Release */ = {
			isa = XCBuildConfiguration;
			buildSettings = {
				ALWAYS_EMBED_SWIFT_STANDARD_LIBRARIES = YES;
				CODE_SIGN_STYLE = Automatic;
				INFOPLIST_FILE = "What'sThisUITests/Info.plist";
				LD_RUNPATH_SEARCH_PATHS = (
					"$(inherited)",
					"@executable_path/Frameworks",
					"@loader_path/Frameworks",
				);
				PRODUCT_BUNDLE_IDENTIFIER = "TaraTandel.What-sThisUITests";
				PRODUCT_NAME = "$(TARGET_NAME)";
				SWIFT_VERSION = 4.2;
				TARGETED_DEVICE_FAMILY = "1,2";
				TEST_TARGET_NAME = "What'sThis";
			};
			name = Release;
		};
/* End XCBuildConfiguration section */

/* Begin XCConfigurationList section */
		473DD81D22F9CCAD0002524F /* Build configuration list for PBXProject "What'sThis" */ = {
			isa = XCConfigurationList;
			buildConfigurations = (
				473DD84B22F9CCB10002524F /* Debug */,
				473DD84C22F9CCB10002524F /* Release */,
			);
			defaultConfigurationIsVisible = 0;
			defaultConfigurationName = Release;
		};
		473DD84D22F9CCB10002524F /* Build configuration list for PBXNativeTarget "What'sThis" */ = {
			isa = XCConfigurationList;
			buildConfigurations = (
				473DD84E22F9CCB10002524F /* Debug */,
				473DD84F22F9CCB10002524F /* Release */,
			);
			defaultConfigurationIsVisible = 0;
			defaultConfigurationName = Release;
		};
		473DD85022F9CCB10002524F /* Build configuration list for PBXNativeTarget "What'sThisTests" */ = {
			isa = XCConfigurationList;
			buildConfigurations = (
				473DD85122F9CCB10002524F /* Debug */,
				473DD85222F9CCB10002524F /* Release */,
			);
			defaultConfigurationIsVisible = 0;
			defaultConfigurationName = Release;
		};
		473DD85322F9CCB10002524F /* Build configuration list for PBXNativeTarget "What'sThisUITests" */ = {
			isa = XCConfigurationList;
			buildConfigurations = (
				473DD85422F9CCB10002524F /* Debug */,
				473DD85522F9CCB10002524F /* Release */,
			);
			defaultConfigurationIsVisible = 0;
			defaultConfigurationName = Release;
		};
/* End XCConfigurationList section */

/* Begin XCVersionGroup section */
		473DD82C22F9CCAD0002524F /* What_sThis.xcdatamodeld */ = {
			isa = XCVersionGroup;
			children = (
				473DD82D22F9CCAD0002524F /* What_sThis.xcdatamodel */,
			);
			currentVersion = 473DD82D22F9CCAD0002524F /* What_sThis.xcdatamodel */;
			path = What_sThis.xcdatamodeld;
			sourceTree = "<group>";
			versionGroupType = wrapper.xcdatamodel;
		};
/* End XCVersionGroup section */
	};
	rootObject = 473DD81A22F9CCAD0002524F /* Project object */;
}
